
Microsoft Visual Studio Solution File, Format Version 12.00
# Visual Studio Version 17
VisualStudioVersion = 17.0.31423.177
MinimumVisualStudioVersion = 10.0.40219.1
Project("{FAE04EC0-301F-11D3-BF4B-00C04F79EFBC}") = "Valour Media Proxy Server", "Valour Media Proxy Server\Valour Media Proxy Server.csproj", "{8C117260-FA13-477E-B168-747CDD9BC7AD}"
EndProject
Global
	GlobalSection(SolutionConfigurationPlatforms) = preSolution
		Debug|Any CPU = Debug|Any CPU
		Release|Any CPU = Release|Any CPU
	EndGlobalSection
	GlobalSection(ProjectConfigurationPlatforms) = postSolution
		{8C117260-FA13-477E-B168-747CDD9BC7AD}.Debug|Any CPU.ActiveCfg = Debug|Any CPU
		{8C117260-FA13-477E-B168-747CDD9BC7AD}.Debug|Any CPU.Build.0 = Debug|Any CPU
		{8C117260-FA13-477E-B168-747CDD9BC7AD}.Release|Any CPU.ActiveCfg = Release|Any CPU
		{8C117260-FA13-477E-B168-747CDD9BC7AD}.Release|Any CPU.Build.0 = Release|Any CPU
	EndGlobalSection
	GlobalSection(SolutionProperties) = preSolution
		HideSolutionNode = FALSE
	EndGlobalSection
	GlobalSection(ExtensibilityGlobals) = postSolution
		SolutionGuid = {DA191994-5DD7-48D3-A401-E8F8134BC73F}
	EndGlobalSection
EndGlobal
